// !$*UTF8*$!
{
	archiveVersion = 1;
	classes = {
	};
	objectVersion = 77;
	objects = {

/* Begin PBXContainerItemProxy section */
		A41896E22E794700002D1A78 /* PBXContainerItemProxy */ = {
			isa = PBXContainerItemProxy;
			containerPortal = A41896C32E7946FF002D1A78 /* Project object */;
			proxyType = 1;
			remoteGlobalIDString = A41896CA2E7946FF002D1A78;
			remoteInfo = SwiftTesting;
		};
		A41896EC2E794700002D1A78 /* PBXContainerItemProxy */ = {
			isa = PBXContainerItemProxy;
			containerPortal = A41896C32E7946FF002D1A78 /* Project object */;
			proxyType = 1;
			remoteGlobalIDString = A41896CA2E7946FF002D1A78;
			remoteInfo = SwiftTesting;
		};
/* End PBXContainerItemProxy section */

/* Begin PBXFileReference section */
		A41896CB2E7946FF002D1A78 /* SwiftTesting.app */ = {isa = PBXFileReference; explicitFileType = wrapper.application; includeInIndex = 0; path = SwiftTesting.app; sourceTree = BUILT_PRODUCTS_DIR; };
		A41896E12E794700002D1A78 /* SwiftTestingTests.xctest */ = {isa = PBXFileReference; explicitFileType = wrapper.cfbundle; includeInIndex = 0; path = SwiftTestingTests.xctest; sourceTree = BUILT_PRODUCTS_DIR; };
		A41896EB2E794700002D1A78 /* SwiftTestingUITests.xctest */ = {isa = PBXFileReference; explicitFileType = wrapper.cfbundle; includeInIndex = 0; path = SwiftTestingUITests.xctest; sourceTree = BUILT_PRODUCTS_DIR; };
/* End PBXFileReference section */

/* Begin PBXFileSystemSynchronizedBuildFileExceptionSet section */
		A41896F32E794700002D1A78 /* Exceptions for "SwiftTesting" folder in "SwiftTesting" target */ = {
			isa = PBXFileSystemSynchronizedBuildFileExceptionSet;
			membershipExceptions = (
				Info.plist,
			);
			target = A41896CA2E7946FF002D1A78 /* SwiftTesting */;
		};
/* End PBXFileSystemSynchronizedBuildFileExceptionSet section */

/* Begin PBXFileSystemSynchronizedRootGroup section */
		A41896CD2E7946FF002D1A78 /* SwiftTesting */ = {
			isa = PBXFileSystemSynchronizedRootGroup;
			exceptions = (
				A41896F32E794700002D1A78 /* Exceptions for "SwiftTesting" folder in "SwiftTesting" target */,
			);
			path = SwiftTesting;
			sourceTree = "<group>";
		};
		A41896E42E794700002D1A78 /* SwiftTestingTests */ = {
			isa = PBXFileSystemSynchronizedRootGroup;
			path = SwiftTestingTests;
			sourceTree = "<group>";
		};
		A41896EE2E794700002D1A78 /* SwiftTestingUITests */ = {
			isa = PBXFileSystemSynchronizedRootGroup;
			path = SwiftTestingUITests;
			sourceTree = "<group>";
		};
/* End PBXFileSystemSynchronizedRootGroup section */

/* Begin PBXFrameworksBuildPhase section */
		A41896C82E7946FF002D1A78 /* Frameworks */ = {
			isa = PBXFrameworksBuildPhase;
			buildActionMask = 2147483647;
			files = (
			);
			runOnlyForDeploymentPostprocessing = 0;
		};
		A41896DE2E794700002D1A78 /* Frameworks */ = {
			isa = PBXFrameworksBuildPhase;
			buildActionMask = 2147483647;
			files = (
			);
			runOnlyForDeploymentPostprocessing = 0;
		};
		A41896E82E794700002D1A78 /* Frameworks */ = {
			isa = PBXFrameworksBuildPhase;
			buildActionMask = 2147483647;
			files = (
			);
			runOnlyForDeploymentPostprocessing = 0;
		};
/* End PBXFrameworksBuildPhase section */

/* Begin PBXGroup section */
		A41896C22E7946FF002D1A78 = {
			isa = PBXGroup;
			children = (
				A41896CD2E7946FF002D1A78 /* SwiftTesting */,
				A41896E42E794700002D1A78 /* SwiftTestingTests */,
				A41896EE2E794700002D1A78 /* SwiftTestingUITests */,
				A41896CC2E7946FF002D1A78 /* Products */,
			);
			sourceTree = "<group>";
		};
		A41896CC2E7946FF002D1A78 /* Products */ = {
			isa = PBXGroup;
			children = (
				A41896CB2E7946FF002D1A78 /* SwiftTesting.app */,
				A41896E12E794700002D1A78 /* SwiftTestingTests.xctest */,
				A41896EB2E794700002D1A78 /* SwiftTestingUITests.xctest */,
			);
			name = Products;
			sourceTree = "<group>";
		};
/* End PBXGroup section */

/* Begin PBXNativeTarget section */
		A41896CA2E7946FF002D1A78 /* SwiftTesting */ = {
			isa = PBXNativeTarget;
			buildConfigurationList = A41896F42E794700002D1A78 /* Build configuration list for PBXNativeTarget "SwiftTesting" */;
			buildPhases = (
				A41896C72E7946FF002D1A78 /* Sources */,
				A41896C82E7946FF002D1A78 /* Frameworks */,
				A41896C92E7946FF002D1A78 /* Resources */,
			);
			buildRules = (
			);
			dependencies = (
			);
			fileSystemSynchronizedGroups = (
				A41896CD2E7946FF002D1A78 /* SwiftTesting */,
			);
			name = SwiftTesting;
			packageProductDependencies = (
			);
			productName = SwiftTesting;
			productReference = A41896CB2E7946FF002D1A78 /* SwiftTesting.app */;
			productType = "com.apple.product-type.application";
		};
		A41896E02E794700002D1A78 /* SwiftTestingTests */ = {
			isa = PBXNativeTarget;
			buildConfigurationList = A41896F92E794700002D1A78 /* Build configuration list for PBXNativeTarget "SwiftTestingTests" */;
			buildPhases = (
				A41896DD2E794700002D1A78 /* Sources */,
				A41896DE2E794700002D1A78 /* Frameworks */,
				A41896DF2E794700002D1A78 /* Resources */,
			);
			buildRules = (
			);
			dependencies = (
				A41896E32E794700002D1A78 /* PBXTargetDependency */,
			);
			fileSystemSynchronizedGroups = (
				A41896E42E794700002D1A78 /* SwiftTestingTests */,
			);
			name = SwiftTestingTests;
			packageProductDependencies = (
			);
			productName = SwiftTestingTests;
			productReference = A41896E12E794700002D1A78 /* SwiftTestingTests.xctest */;
			productType = "com.apple.product-type.bundle.unit-test";
		};
		A41896EA2E794700002D1A78 /* SwiftTestingUITests */ = {
			isa = PBXNativeTarget;
			buildConfigurationList = A41896FC2E794700002D1A78 /* Build configuration list for PBXNativeTarget "SwiftTestingUITests" */;
			buildPhases = (
				A41896E72E794700002D1A78 /* Sources */,
				A41896E82E794700002D1A78 /* Frameworks */,
				A41896E92E794700002D1A78 /* Resources */,
			);
			buildRules = (
			);
			dependencies = (
				A41896ED2E794700002D1A78 /* PBXTargetDependency */,
			);
			fileSystemSynchronizedGroups = (
				A41896EE2E794700002D1A78 /* SwiftTestingUITests */,
			);
			name = SwiftTestingUITests;
			packageProductDependencies = (
			);
			productName = SwiftTestingUITests;
			productReference = A41896EB2E794700002D1A78 /* SwiftTestingUITests.xctest */;
			productType = "com.apple.product-type.bundle.ui-testing";
		};
/* End PBXNativeTarget section */

/* Begin PBXProject section */
		A41896C32E7946FF002D1A78 /* Project object */ = {
			isa = PBXProject;
			attributes = {
				BuildIndependentTargetsInParallel = 1;
				LastSwiftUpdateCheck = 1640;
				LastUpgradeCheck = 1640;
				TargetAttributes = {
					A41896CA2E7946FF002D1A78 = {
						CreatedOnToolsVersion = 16.4;
					};
					A41896E02E794700002D1A78 = {
						CreatedOnToolsVersion = 16.4;
						TestTargetID = A41896CA2E7946FF002D1A78;
					};
					A41896EA2E794700002D1A78 = {
						CreatedOnToolsVersion = 16.4;
						TestTargetID = A41896CA2E7946FF002D1A78;
					};
				};
			};
			buildConfigurationList = A41896C62E7946FF002D1A78 /* Build configuration list for PBXProject "SwiftTesting" */;
			developmentRegion = en;
			hasScannedForEncodings = 0;
			knownRegions = (
				en,
				Base,
			);
			mainGroup = A41896C22E7946FF002D1A78;
			minimizedProjectReferenceProxies = 1;
			preferredProjectObjectVersion = 77;
			productRefGroup = A41896CC2E7946FF002D1A78 /* Products */;
			projectDirPath = "";
			projectRoot = "";
			targets = (
				A41896CA2E7946FF002D1A78 /* SwiftTesting */,
				A41896E02E794700002D1A78 /* SwiftTestingTests */,
				A41896EA2E794700002D1A78 /* SwiftTestingUITests */,
			);
		};
/* End PBXProject section */

/* Begin PBXResourcesBuildPhase section */
		A41896C92E7946FF002D1A78 /* Resources */ = {
			isa = PBXResourcesBuildPhase;
			buildActionMask = 2147483647;
			files = (
			);
			runOnlyForDeploymentPostprocessing = 0;
		};
		A41896DF2E794700002D1A78 /* Resources */ = {
			isa = PBXResourcesBuildPhase;
			buildActionMask = 2147483647;
			files = (
			);
			runOnlyForDeploymentPostprocessing = 0;
		};
		A41896E92E794700002D1A78 /* Resources */ = {
			isa = PBXResourcesBuildPhase;
			buildActionMask = 2147483647;
			files = (
			);
			runOnlyForDeploymentPostprocessing = 0;
		};
/* End PBXResourcesBuildPhase section */

/* Begin PBXSourcesBuildPhase section */
		A41896C72E7946FF002D1A78 /* Sources */ = {
			isa = PBXSourcesBuildPhase;
			buildActionMask = 2147483647;
			files = (
			);
			runOnlyForDeploymentPostprocessing = 0;
		};
		A41896DD2E794700002D1A78 /* Sources */ = {
			isa = PBXSourcesBuildPhase;
			buildActionMask = 2147483647;
			files = (
			);
			runOnlyForDeploymentPostprocessing = 0;
		};
		A41896E72E794700002D1A78 /* Sources */ = {
			isa = PBXSourcesBuildPhase;
			buildActionMask = 2147483647;
			files = (
			);
			runOnlyForDeploymentPostprocessing = 0;
		};
/* End PBXSourcesBuildPhase section */

/* Begin PBXTargetDependency section */
		A41896E32E794700002D1A78 /* PBXTargetDependency */ = {
			isa = PBXTargetDependency;
			target = A41896CA2E7946FF002D1A78 /* SwiftTesting */;
			targetProxy = A41896E22E794700002D1A78 /* PBXContainerItemProxy */;
		};
		A41896ED2E794700002D1A78 /* PBXTargetDependency */ = {
			isa = PBXTargetDependency;
			target = A41896CA2E7946FF002D1A78 /* SwiftTesting */;
			targetProxy = A41896EC2E794700002D1A78 /* PBXContainerItemProxy */;
		};
/* End PBXTargetDependency section */

/* Begin XCBuildConfiguration section */
		A41896F52E794700002D1A78 /* Debug */ = {
			isa = XCBuildConfiguration;
			buildSettings = {
				ASSETCATALOG_COMPILER_APPICON_NAME = AppIcon;
				ASSETCATALOG_COMPILER_GLOBAL_ACCENT_COLOR_NAME = AccentColor;
				CODE_SIGN_STYLE = Automatic;
				CURRENT_PROJECT_VERSION = 1;
				DEVELOPMENT_TEAM = 8WAJ4W835K;
				GENERATE_INFOPLIST_FILE = YES;
				INFOPLIST_FILE = SwiftTesting/Info.plist;
				INFOPLIST_KEY_UIApplicationSupportsIndirectInputEvents = YES;
				INFOPLIST_KEY_UILaunchStoryboardName = LaunchScreen;
				INFOPLIST_KEY_UIMainStoryboardFile = Main;
				INFOPLIST_KEY_UISupportedInterfaceOrientations_iPad = "UIInterfaceOrientationPortrait UIInterfaceOrientationPortraitUpsideDown UIInterfaceOrientationLandscapeLeft UIInterfaceOrientationLandscapeRight";
				INFOPLIST_KEY_UISupportedInterfaceOrientations_iPhone = "UIInterfaceOrientationPortrait UIInterfaceOrientationLandscapeLeft UIInterfaceOrientationLandscapeRight";
				LD_RUNPATH_SEARCH_PATHS = (
					"$(inherited)",
					"@executable_path/Frameworks",
				);
				MARKETING_VERSION = 1.0;
				PRODUCT_BUNDLE_IDENTIFIER = com.omercakar.SwiftTesting;
				PRODUCT_NAME = "$(TARGET_NAME)";
				SWIFT_EMIT_LOC_STRINGS = YES;
				SWIFT_VERSION = 5.0;
				TARGETED_DEVICE_FAMILY = "1,2";
			};
			name = Debug;
		};
		A41896F62E794700002D1A78 /* Release */ = {
			isa = XCBuildConfiguration;
			buildSettings = {
				ASSETCATALOG_COMPILER_APPICON_NAME = AppIcon;
				ASSETCATALOG_COMPILER_GLOBAL_ACCENT_COLOR_NAME = AccentColor;
				CODE_SIGN_STYLE = Automatic;
				CURRENT_PROJECT_VERSION = 1;
				DEVELOPMENT_TEAM = 8WAJ4W835K;
				GENERATE_INFOPLIST_FILE = YES;
				INFOPLIST_FILE = SwiftTesting/Info.plist;
				INFOPLIST_KEY_UIApplicationSupportsIndirectInputEvents = YES;
				INFOPLIST_KEY_UILaunchStoryboardName = LaunchScreen;
				INFOPLIST_KEY_UIMainStoryboardFile = Main;
				INFOPLIST_KEY_UISupportedInterfaceOrientations_iPad = "UIInterfaceOrientationPortrait UIInterfaceOrientationPortraitUpsideDown UIInterfaceOrientationLandscapeLeft UIInterfaceOrientationLandscapeRight";
				INFOPLIST_KEY_UISupportedInterfaceOrientations_iPhone = "UIInterfaceOrientationPortrait UIInterfaceOrientationLandscapeLeft UIInterfaceOrientationLandscapeRight";
				LD_RUNPATH_SEARCH_PATHS = (
					"$(inherited)",
					"@executable_path/Frameworks",
				);
				MARKETING_VERSION = 1.0;
				PRODUCT_BUNDLE_IDENTIFIER = com.omercakar.SwiftTesting;
				PRODUCT_NAME = "$(TARGET_NAME)";
				SWIFT_EMIT_LOC_STRINGS = YES;
				SWIFT_VERSION = 5.0;
				TARGETED_DEVICE_FAMILY = "1,2";
			};
			name = Release;
		};
		A41896F72E794700002D1A78 /* Debug */ = {
			isa = XCBuildConfiguration;
			buildSettings = {
				ALWAYS_SEARCH_USER_PATHS = NO;
				ASSETCATALOG_COMPILER_GENERATE_SWIFT_ASSET_SYMBOL_EXTENSIONS = YES;
				CLANG_ANALYZER_NONNULL = YES;
				CLANG_ANALYZER_NUMBER_OBJECT_CONVERSION = YES_AGGRESSIVE;
				CLANG_CXX_LANGUAGE_STANDARD = "gnu++20";
				CLANG_ENABLE_MODULES = YES;
				CLANG_ENABLE_OBJC_ARC = YES;
				CLANG_ENABLE_OBJC_WEAK = YES;
				CLANG_WARN_BLOCK_CAPTURE_AUTORELEASING = YES;
				CLANG_WARN_BOOL_CONVERSION = YES;
				CLANG_WARN_COMMA = YES;
				CLANG_WARN_CONSTANT_CONVERSION = YES;
				CLANG_WARN_DEPRECATED_OBJC_IMPLEMENTATIONS = YES;
				CLANG_WARN_DIRECT_OBJC_ISA_USAGE = YES_ERROR;
				CLANG_WARN_DOCUMENTATION_COMMENTS = YES;
				CLANG_WARN_EMPTY_BODY = YES;
				CLANG_WARN_ENUM_CONVERSION = YES;
				CLANG_WARN_INFINITE_RECURSION = YES;
				CLANG_WARN_INT_CONVERSION = YES;
				CLANG_WARN_NON_LITERAL_NULL_CONVERSION = YES;
				CLANG_WARN_OBJC_IMPLICIT_RETAIN_SELF = YES;
				CLANG_WARN_OBJC_LITERAL_CONVERSION = YES;
				CLANG_WARN_OBJC_ROOT_CLASS = YES_ERROR;
				CLANG_WARN_QUOTED_INCLUDE_IN_FRAMEWORK_HEADER = YES;
				CLANG_WARN_RANGE_LOOP_ANALYSIS = YES;
				CLANG_WARN_STRICT_PROTOTYPES = YES;
				CLANG_WARN_SUSPICIOUS_MOVE = YES;
				CLANG_WARN_UNGUARDED_AVAILABILITY = YES_AGGRESSIVE;
				CLANG_WARN_UNREACHABLE_CODE = YES;
				CLANG_WARN__DUPLICATE_METHOD_MATCH = YES;
				COPY_PHASE_STRIP = NO;
				DEBUG_INFORMATION_FORMAT = dwarf;
				DEVELOPMENT_TEAM = 8WAJ4W835K;
				ENABLE_STRICT_OBJC_MSGSEND = YES;
				ENABLE_TESTABILITY = YES;
				ENABLE_USER_SCRIPT_SANDBOXING = YES;
				GCC_C_LANGUAGE_STANDARD = gnu17;
				GCC_DYNAMIC_NO_PIC = NO;
				GCC_NO_COMMON_BLOCKS = YES;
				GCC_OPTIMIZATION_LEVEL = 0;
				GCC_PREPROCESSOR_DEFINITIONS = (
					"DEBUG=1",
					"$(inherited)",
				);
				GCC_WARN_64_TO_32_BIT_CONVERSION = YES;
				GCC_WARN_ABOUT_RETURN_TYPE = YES_ERROR;
				GCC_WARN_UNDECLARED_SELECTOR = YES;
				GCC_WARN_UNINITIALIZED_AUTOS = YES_AGGRESSIVE;
				GCC_WARN_UNUSED_FUNCTION = YES;
				GCC_WARN_UNUSED_VARIABLE = YES;
				IPHONEOS_DEPLOYMENT_TARGET = 18.5;
				LOCALIZATION_PREFERS_STRING_CATALOGS = YES;
				MTL_ENABLE_DEBUG_INFO = INCLUDE_SOURCE;
				MTL_FAST_MATH = YES;
				ONLY_ACTIVE_ARCH = YES;
				SDKROOT = iphoneos;
				SWIFT_ACTIVE_COMPILATION_CONDITIONS = "DEBUG $(inherited)";
				SWIFT_OPTIMIZATION_LEVEL = "-Onone";
			};
			name = Debug;
		};
		A41896F82E794700002D1A78 /* Release */ = {
			isa = XCBuildConfiguration;
			buildSettings = {
				ALWAYS_SEARCH_USER_PATHS = NO;
				ASSETCATALOG_COMPILER_GENERATE_SWIFT_ASSET_SYMBOL_EXTENSIONS = YES;
				CLANG_ANALYZER_NONNULL = YES;
				CLANG_ANALYZER_NUMBER_OBJECT_CONVERSION = YES_AGGRESSIVE;
				CLANG_CXX_LANGUAGE_STANDARD = "gnu++20";
				CLANG_ENABLE_MODULES = YES;
				CLANG_ENABLE_OBJC_ARC = YES;
				CLANG_ENABLE_OBJC_WEAK = YES;
				CLANG_WARN_BLOCK_CAPTURE_AUTORELEASING = YES;
				CLANG_WARN_BOOL_CONVERSION = YES;
				CLANG_WARN_COMMA = YES;
				CLANG_WARN_CONSTANT_CONVERSION = YES;
				CLANG_WARN_DEPRECATED_OBJC_IMPLEMENTATIONS = YES;
				CLANG_WARN_DIRECT_OBJC_ISA_USAGE = YES_ERROR;
				CLANG_WARN_DOCUMENTATION_COMMENTS = YES;
				CLANG_WARN_EMPTY_BODY = YES;
				CLANG_WARN_ENUM_CONVERSION = YES;
				CLANG_WARN_INFINITE_RECURSION = YES;
				CLANG_WARN_INT_CONVERSION = YES;
				CLANG_WARN_NON_LITERAL_NULL_CONVERSION = YES;
				CLANG_WARN_OBJC_IMPLICIT_RETAIN_SELF = YES;
				CLANG_WARN_OBJC_LITERAL_CONVERSION = YES;
				CLANG_WARN_OBJC_ROOT_CLASS = YES_ERROR;
				CLANG_WARN_QUOTED_INCLUDE_IN_FRAMEWORK_HEADER = YES;
				CLANG_WARN_RANGE_LOOP_ANALYSIS = YES;
				CLANG_WARN_STRICT_PROTOTYPES = YES;
				CLANG_WARN_SUSPICIOUS_MOVE = YES;
				CLANG_WARN_UNGUARDED_AVAILABILITY = YES_AGGRESSIVE;
				CLANG_WARN_UNREACHABLE_CODE = YES;
				CLANG_WARN__DUPLICATE_METHOD_MATCH = YES;
				COPY_PHASE_STRIP = NO;
				DEBUG_INFORMATION_FORMAT = "dwarf-with-dsym";
				DEVELOPMENT_TEAM = 8WAJ4W835K;
				ENABLE_NS_ASSERTIONS = NO;
				ENABLE_STRICT_OBJC_MSGSEND = YES;
				ENABLE_USER_SCRIPT_SANDBOXING = YES;
				GCC_C_LANGUAGE_STANDARD = gnu17;
				GCC_NO_COMMON_BLOCKS = YES;
				GCC_WARN_64_TO_32_BIT_CONVERSION = YES;
				GCC_WARN_ABOUT_RETURN_TYPE = YES_ERROR;
				GCC_WARN_UNDECLARED_SELECTOR = YES;
				GCC_WARN_UNINITIALIZED_AUTOS = YES_AGGRESSIVE;
				GCC_WARN_UNUSED_FUNCTION = YES;
				GCC_WARN_UNUSED_VARIABLE = YES;
				IPHONEOS_DEPLOYMENT_TARGET = 18.5;
				LOCALIZATION_PREFERS_STRING_CATALOGS = YES;
				MTL_ENABLE_DEBUG_INFO = NO;
				MTL_FAST_MATH = YES;
				SDKROOT = iphoneos;
				SWIFT_COMPILATION_MODE = wholemodule;
				VALIDATE_PRODUCT = YES;
			};
			name = Release;
		};
		A41896FA2E794700002D1A78 /* Debug */ = {
			isa = XCBuildConfiguration;
			buildSettings = {
				BUNDLE_LOADER = "$(TEST_HOST)";
				CODE_SIGN_STYLE = Automatic;
				CURRENT_PROJECT_VERSION = 1;
				DEVELOPMENT_TEAM = 8WAJ4W835K;
				GENERATE_INFOPLIST_FILE = YES;
				IPHONEOS_DEPLOYMENT_TARGET = 18.5;
				MARKETING_VERSION = 1.0;
				PRODUCT_BUNDLE_IDENTIFIER = com.omercakar.SwiftTestingTests;
				PRODUCT_NAME = "$(TARGET_NAME)";
				SWIFT_EMIT_LOC_STRINGS = NO;
				SWIFT_VERSION = 5.0;
				TARGETED_DEVICE_FAMILY = "1,2";
				TEST_HOST = "$(BUILT_PRODUCTS_DIR)/SwiftTesting.app/$(BUNDLE_EXECUTABLE_FOLDER_PATH)/SwiftTesting";
			};
			name = Debug;
		};
		A41896FB2E794700002D1A78 /* Release */ = {
			isa = XCBuildConfiguration;
			buildSettings = {
				BUNDLE_LOADER = "$(TEST_HOST)";
				CODE_SIGN_STYLE = Automatic;
				CURRENT_PROJECT_VERSION = 1;
				DEVELOPMENT_TEAM = 8WAJ4W835K;
				GENERATE_INFOPLIST_FILE = YES;
				IPHONEOS_DEPLOYMENT_TARGET = 18.5;
				MARKETING_VERSION = 1.0;
				PRODUCT_BUNDLE_IDENTIFIER = com.omercakar.SwiftTestingTests;
				PRODUCT_NAME = "$(TARGET_NAME)";
				SWIFT_EMIT_LOC_STRINGS = NO;
				SWIFT_VERSION = 5.0;
				TARGETED_DEVICE_FAMILY = "1,2";
				TEST_HOST = "$(BUILT_PRODUCTS_DIR)/SwiftTesting.app/$(BUNDLE_EXECUTABLE_FOLDER_PATH)/SwiftTesting";
			};
			name = Release;
		};
		A41896FD2E794700002D1A78 /* Debug */ = {
			isa = XCBuildConfiguration;
			buildSettings = {
				CODE_SIGN_STYLE = Automatic;
				CURRENT_PROJECT_VERSION = 1;
				DEVELOPMENT_TEAM = 8WAJ4W835K;
				GENERATE_INFOPLIST_FILE = YES;
				MARKETING_VERSION = 1.0;
				PRODUCT_BUNDLE_IDENTIFIER = com.omercakar.SwiftTestingUITests;
				PRODUCT_NAME = "$(TARGET_NAME)";
				SWIFT_EMIT_LOC_STRINGS = NO;
				SWIFT_VERSION = 5.0;
				TARGETED_DEVICE_FAMILY = "1,2";
				TEST_TARGET_NAME = SwiftTesting;
			};
			name = Debug;
		};
		A41896FE2E794700002D1A78 /* Release */ = {
			isa = XCBuildConfiguration;
			buildSettings = {
				CODE_SIGN_STYLE = Automatic;
				CURRENT_PROJECT_VERSION = 1;
				DEVELOPMENT_TEAM = 8WAJ4W835K;
				GENERATE_INFOPLIST_FILE = YES;
				MARKETING_VERSION = 1.0;
				PRODUCT_BUNDLE_IDENTIFIER = com.omercakar.SwiftTestingUITests;
				PRODUCT_NAME = "$(TARGET_NAME)";
				SWIFT_EMIT_LOC_STRINGS = NO;
				SWIFT_VERSION = 5.0;
				TARGETED_DEVICE_FAMILY = "1,2";
				TEST_TARGET_NAME = SwiftTesting;
			};
			name = Release;
		};
/* End XCBuildConfiguration section */

/* Begin XCConfigurationList section */
		A41896C62E7946FF002D1A78 /* Build configuration list for PBXProject "SwiftTesting" */ = {
			isa = XCConfigurationList;
			buildConfigurations = (
				A41896F72E794700002D1A78 /* Debug */,
				A41896F82E794700002D1A78 /* Release */,
			);
			defaultConfigurationIsVisible = 0;
			defaultConfigurationName = Release;
		};
		A41896F42E794700002D1A78 /* Build configuration list for PBXNativeTarget "SwiftTesting" */ = {
			isa = XCConfigurationList;
			buildConfigurations = (
				A41896F52E794700002D1A78 /* Debug */,
				A41896F62E794700002D1A78 /* Release */,
			);
			defaultConfigurationIsVisible = 0;
			defaultConfigurationName = Release;
		};
		A41896F92E794700002D1A78 /* Build configuration list for PBXNativeTarget "SwiftTestingTests" */ = {
			isa = XCConfigurationList;
			buildConfigurations = (
				A41896FA2E794700002D1A78 /* Debug */,
				A41896FB2E794700002D1A78 /* Release */,
			);
			defaultConfigurationIsVisible = 0;
			defaultConfigurationName = Release;
		};
		A41896FC2E794700002D1A78 /* Build configuration list for PBXNativeTarget "SwiftTestingUITests" */ = {
			isa = XCConfigurationList;
			buildConfigurations = (
				A41896FD2E794700002D1A78 /* Debug */,
				A41896FE2E794700002D1A78 /* Release */,
			);
			defaultConfigurationIsVisible = 0;
			defaultConfigurationName = Release;
		};
/* End XCConfigurationList section */
	};
	rootObject = A41896C32E7946FF002D1A78 /* Project object */;
}
